github.com/MemeLabs/dggchat v0.0.0-20201117114323-43344edb4906 h1:srAWLSWDRcP9tdN2MgszP1ENb3VUPBWAFYtF+Jb1jPY=
github.com/MemeLabs/dggchat v0.0.0-20201117114323-43344edb4906/go.mod h1:r7pnEgdWZ0QU6R0wMHxbPoEsv1xe8vJ7lCM2mfPj/cs=
github.com/gorilla/websocket v1.4.2 h1:+/TMaTYc4QFitKJxsQ7Yye35DkWvkdLcvGKqM+x0Ufc=
github.com/gorilla/websocket v1.4.2/go.mod h1:YR8l580nyteQvAITg2hZ9XVh4b55+EU/adAjf1fMHhE=
